
Microsoft Visual Studio Solution File, Format Version 12.00
# Visual Studio Version 16
VisualStudioVersion = 16.0.31105.61
MinimumVisualStudioVersion = 10.0.40219.1
Project("{FAE04EC0-301F-11D3-BF4B-00C04F79EFBC}") = "CetHikExample", "CetHikExample\CetHikExample.csproj", "{68C50DC9-6EB7-45DE-8BE0-4720B5CEE1FE}"
EndProject
Global
	GlobalSection(SolutionConfigurationPlatforms) = preSolution
		Debug|Any CPU = Debug|Any CPU
		Release|Any CPU = Release|Any CPU
	EndGlobalSection
	GlobalSection(ProjectConfigurationPlatforms) = postSolution
		{68C50DC9-6EB7-45DE-8BE0-4720B5CEE1FE}.Debug|Any CPU.ActiveCfg = Debug|Any CPU
		{68C50DC9-6EB7-45DE-8BE0-4720B5CEE1FE}.Debug|Any CPU.Build.0 = Debug|Any CPU
		{68C50DC9-6EB7-45DE-8BE0-4720B5CEE1FE}.Release|Any CPU.ActiveCfg = Release|Any CPU
		{68C50DC9-6EB7-45DE-8BE0-4720B5CEE1FE}.Release|Any CPU.Build.0 = Release|Any CPU
	EndGlobalSection
	GlobalSection(SolutionProperties) = preSolution
		HideSolutionNode = FALSE
	EndGlobalSection
	GlobalSection(ExtensibilityGlobals) = postSolution
		SolutionGuid = {8C45B135-1626-4433-8F4F-9ADDF68C60F5}
	EndGlobalSection
EndGlobal
